
Microsoft Visual Studio Solution File, Format Version 12.00
# Visual Studio 2013
VisualStudioVersion = 12.0.31101.0
MinimumVisualStudioVersion = 10.0.40219.1
Project("{FAE04EC0-301F-11D3-BF4B-00C04F79EFBC}") = "mipsed.application.framework", "mipsed.application.framework\mipsed.application.framework.csproj", "{2626A562-FC57-4CB1-9E50-EDE083A5C558}"
EndProject
Project("{FAE04EC0-301F-11D3-BF4B-00C04F79EFBC}") = "Mipsed7.APP", "Mipsed7.APP\Mipsed7.APP.csproj", "{7BE31C02-8143-4B1B-856F-D30BD8A33A91}"
	ProjectSection(ProjectDependencies) = postProject
		{B0D37171-7698-4903-BFBB-3B8DEC2DEFB7} = {B0D37171-7698-4903-BFBB-3B8DEC2DEFB7}
		{15F57D90-25B2-481A-83D9-309B5079FF6F} = {15F57D90-25B2-481A-83D9-309B5079FF6F}
	EndProjectSection
EndProject
Project("{FAE04EC0-301F-11D3-BF4B-00C04F79EFBC}") = "Mipsed7.Security", "Mipsed7.Security\Mipsed7.Security.csproj", "{29AD577D-92EE-463D-A543-F48600448181}"
EndProject
Project("{FAE04EC0-301F-11D3-BF4B-00C04F79EFBC}") = "Mipsed7.Core", "Mipsed7.Core\Mipsed7.Core.csproj", "{1393FE8B-B9B3-43D3-A08A-200B40C885BA}"
EndProject
Project("{FAE04EC0-301F-11D3-BF4B-00C04F79EFBC}") = "Mipsed7.DataAccessLayer", "Mipsed7.DataAccessLayer\Mipsed7.DataAccessLayer.csproj", "{E45D9F70-C0B0-4D70-B6F5-1B87444486D3}"
EndProject
Project("{FAE04EC0-301F-11D3-BF4B-00C04F79EFBC}") = "DosMigration", "DosMigration\DosMigration\DosMigration.csproj", "{4778D736-C930-4791-AF88-9A1304A7363B}"
EndProject
Project("{FAE04EC0-301F-11D3-BF4B-00C04F79EFBC}") = "Mipsed7.DatabaseBackup", "Mipsed7.DatabaseBackup\Mipsed7.DatabaseBackup.csproj", "{5577FAA3-4B26-4FED-BF3D-05EC1B7CFBE0}"
EndProject
Project("{FAE04EC0-301F-11D3-BF4B-00C04F79EFBC}") = "Deklarit.Practices.CompositeUI.NetAdvantage", "Deklarit.Practices.CompositeUI.NetAdvantage\Deklarit.Practices.CompositeUI.NetAdvantage.csproj", "{AD1DDF75-109B-4F60-9057-D9C30A3E9065}"
EndProject
Project("{FAE04EC0-301F-11D3-BF4B-00C04F79EFBC}") = "ePoreznaModule", "ePoreznaModule\ePoreznaModule.csproj", "{EA02A4A2-E733-4746-A626-6AB6036AF48F}"
EndProject
Project("{FAE04EC0-301F-11D3-BF4B-00C04F79EFBC}") = "EVModule", "EVModule\EVModule.csproj", "{52D91AB8-FBB2-49EB-A7A1-133453057602}"
EndProject
Project("{FAE04EC0-301F-11D3-BF4B-00C04F79EFBC}") = "FinPosModule", "FinPosModule\FinPosModule.csproj", "{20DC80AD-A01E-4AC7-B635-357ECF64E419}"
EndProject
Project("{FAE04EC0-301F-11D3-BF4B-00C04F79EFBC}") = "Hlp", "Hlp\Hlp.csproj", "{1BEA20B8-346D-49DB-9B71-D204C27AD8DD}"
EndProject
Project("{FAE04EC0-301F-11D3-BF4B-00C04F79EFBC}") = "Mipsed7.Emailing", "Mipsed7.Emailing\Mipsed7.Emailing.csproj", "{D7E0F54B-610D-450C-99EB-4BF6E9EB6DC3}"
EndProject
Project("{FAE04EC0-301F-11D3-BF4B-00C04F79EFBC}") = "PlacaBusinessFramework", "PlacaBusinessFramework\PlacaBusinessFramework.csproj", "{9445B689-F39F-448F-89C5-B6DD7CE8B88E}"
EndProject
Project("{FAE04EC0-301F-11D3-BF4B-00C04F79EFBC}") = "PlacaExeModule", "PlacaExeModule\PlacaExeModule.csproj", "{479B17FC-61D0-4420-9988-E959170D200F}"
EndProject
Project("{FAE04EC0-301F-11D3-BF4B-00C04F79EFBC}") = "PlacaModule", "PlacaModule\PlacaModule.csproj", "{CE1E414F-9246-423F-BE98-36FA43F7B204}"
EndProject
Project("{FAE04EC0-301F-11D3-BF4B-00C04F79EFBC}") = "ServisModule", "ServisModule\ServisModule.csproj", "{C702EC3D-C90D-4B33-B92D-76EE62100264}"
EndProject
Project("{FAE04EC0-301F-11D3-BF4B-00C04F79EFBC}") = "SifrarniciModule", "SifrarniciModule\SifrarniciModule.csproj", "{BF23EDE5-6462-4B5B-9CF4-17D88CB5B442}"
EndProject
Project("{FAE04EC0-301F-11D3-BF4B-00C04F79EFBC}") = "Ucenici", "Ucenici\Ucenici.csproj", "{511AE8DC-8D1F-409C-A549-A0C7DBD52A37}"
EndProject
Project("{FAE04EC0-301F-11D3-BF4B-00C04F79EFBC}") = "DDModule", "DDModule\DDModule.csproj", "{5CC23222-585C-43B2-A2BA-69331597ED16}"
EndProject
Project("{FAE04EC0-301F-11D3-BF4B-00C04F79EFBC}") = "UcenickoFakturiranje", "UcenickoFakturiranje\UcenickoFakturiranje.csproj", "{B0D37171-7698-4903-BFBB-3B8DEC2DEFB7}"
	ProjectSection(ProjectDependencies) = postProject
		{1393FE8B-B9B3-43D3-A08A-200B40C885BA} = {1393FE8B-B9B3-43D3-A08A-200B40C885BA}
	EndProjectSection
EndProject
Project("{FAE04EC0-301F-11D3-BF4B-00C04F79EFBC}") = "JavnaNabava", "JavnaNabava\JavnaNabava.csproj", "{15F57D90-25B2-481A-83D9-309B5079FF6F}"
	ProjectSection(ProjectDependencies) = postProject
		{1393FE8B-B9B3-43D3-A08A-200B40C885BA} = {1393FE8B-B9B3-43D3-A08A-200B40C885BA}
	EndProjectSection
EndProject
Project("{FAE04EC0-301F-11D3-BF4B-00C04F79EFBC}") = "Materijalno", "Materijalno\Materijalno.csproj", "{95DBD01F-A696-440F-BD4A-3670E1B8F948}"
EndProject
Global
	GlobalSection(TeamFoundationVersionControl) = preSolution
		SccNumberOfProjects = 24
		SccEnterpriseProvider = {4CA58AB2-18FA-4F8D-95D4-32DDF27D184C}
		SccTeamFoundationServer = http://homer:8080/tfs/vugergradcollection
		SccLocalPath0 = .
		SccProjectUniqueName1 = DDModule\\DDModule.csproj
		SccProjectName1 = DDModule
		SccLocalPath1 = DDModule
		SccProjectUniqueName2 = Deklarit.Practices.CompositeUI.NetAdvantage\\Deklarit.Practices.CompositeUI.NetAdvantage.csproj
		SccProjectName2 = Deklarit.Practices.CompositeUI.NetAdvantage
		SccLocalPath2 = Deklarit.Practices.CompositeUI.NetAdvantage
		SccProjectUniqueName3 = DosMigration\\DosMigration\\DosMigration.csproj
		SccProjectName3 = DosMigration/DosMigration
		SccLocalPath3 = DosMigration\\DosMigration
		SccProjectUniqueName4 = ePoreznaModule\\ePoreznaModule.csproj
		SccProjectName4 = ePoreznaModule
		SccLocalPath4 = ePoreznaModule
		SccProjectUniqueName5 = EVModule\\EVModule.csproj
		SccProjectName5 = EVModule
		SccLocalPath5 = EVModule
		SccProjectUniqueName6 = FinPosModule\\FinPosModule.csproj
		SccProjectName6 = FinPosModule
		SccLocalPath6 = FinPosModule
		SccProjectUniqueName7 = Hlp\\Hlp.csproj
		SccProjectName7 = Hlp
		SccLocalPath7 = Hlp
		SccProjectUniqueName8 = JavnaNabava\\JavnaNabava.csproj
		SccProjectName8 = JavnaNabava
		SccLocalPath8 = JavnaNabava
		SccProjectUniqueName9 = Materijalno\\Materijalno.csproj
		SccProjectName9 = Materijalno
		SccLocalPath9 = Materijalno
		SccProjectUniqueName10 = mipsed.application.framework\\mipsed.application.framework.csproj
		SccProjectName10 = mipsed.application.framework
		SccLocalPath10 = mipsed.application.framework
		SccProjectUniqueName11 = Mipsed7.APP\\Mipsed7.APP.csproj
		SccProjectName11 = Mipsed7.APP
		SccLocalPath11 = Mipsed7.APP
		SccProjectUniqueName12 = Mipsed7.Core\\Mipsed7.Core.csproj
		SccProjectName12 = Mipsed7.Core
		SccLocalPath12 = Mipsed7.Core
		SccProjectUniqueName13 = Mipsed7.DataAccessLayer\\Mipsed7.DataAccessLayer.csproj
		SccProjectName13 = Mipsed7.DataAccessLayer
		SccLocalPath13 = Mipsed7.DataAccessLayer
		SccProjectUniqueName14 = Mipsed7.DatabaseBackup\\Mipsed7.DatabaseBackup.csproj
		SccProjectName14 = Mipsed7.DatabaseBackup
		SccLocalPath14 = Mipsed7.DatabaseBackup
		SccProjectUniqueName15 = Mipsed7.Emailing\\Mipsed7.Emailing.csproj
		SccProjectName15 = Mipsed7.Emailing
		SccLocalPath15 = Mipsed7.Emailing
		SccProjectUniqueName16 = Mipsed7.Security\\Mipsed7.Security.csproj
		SccProjectName16 = Mipsed7.Security
		SccLocalPath16 = Mipsed7.Security
		SccProjectUniqueName17 = PlacaBusinessFramework\\PlacaBusinessFramework.csproj
		SccProjectName17 = PlacaBusinessFramework
		SccLocalPath17 = PlacaBusinessFramework
		SccProjectUniqueName18 = PlacaExeModule\\PlacaExeModule.csproj
		SccProjectName18 = PlacaExeModule
		SccLocalPath18 = PlacaExeModule
		SccProjectUniqueName19 = PlacaModule\\PlacaModule.csproj
		SccProjectName19 = PlacaModule
		SccLocalPath19 = PlacaModule
		SccProjectUniqueName20 = ServisModule\\ServisModule.csproj
		SccProjectName20 = ServisModule
		SccLocalPath20 = ServisModule
		SccProjectUniqueName21 = SifrarniciModule\\SifrarniciModule.csproj
		SccProjectName21 = SifrarniciModule
		SccLocalPath21 = SifrarniciModule
		SccProjectUniqueName22 = Ucenici\\Ucenici.csproj
		SccProjectName22 = Ucenici
		SccLocalPath22 = Ucenici
		SccProjectUniqueName23 = UcenickoFakturiranje\\UcenickoFakturiranje.csproj
		SccProjectName23 = UcenickoFakturiranje
		SccLocalPath23 = UcenickoFakturiranje
	EndGlobalSection
	GlobalSection(SolutionConfigurationPlatforms) = preSolution
		Debug|Any CPU = Debug|Any CPU
		Debug|Mixed Platforms = Debug|Mixed Platforms
		Debug|x86 = Debug|x86
		Release|Any CPU = Release|Any CPU
		Release|Mixed Platforms = Release|Mixed Platforms
		Release|x86 = Release|x86
	EndGlobalSection
	GlobalSection(ProjectConfigurationPlatforms) = postSolution
		{2626A562-FC57-4CB1-9E50-EDE083A5C558}.Debug|Any CPU.ActiveCfg = Debug|Any CPU
		{2626A562-FC57-4CB1-9E50-EDE083A5C558}.Debug|Any CPU.Build.0 = Debug|Any CPU
		{2626A562-FC57-4CB1-9E50-EDE083A5C558}.Debug|Mixed Platforms.ActiveCfg = Debug|Any CPU
		{2626A562-FC57-4CB1-9E50-EDE083A5C558}.Debug|Mixed Platforms.Build.0 = Debug|Any CPU
		{2626A562-FC57-4CB1-9E50-EDE083A5C558}.Debug|x86.ActiveCfg = Debug|Any CPU
		{2626A562-FC57-4CB1-9E50-EDE083A5C558}.Release|Any CPU.ActiveCfg = Release|Any CPU
		{2626A562-FC57-4CB1-9E50-EDE083A5C558}.Release|Any CPU.Build.0 = Release|Any CPU
		{2626A562-FC57-4CB1-9E50-EDE083A5C558}.Release|Mixed Platforms.ActiveCfg = Release|Any CPU
		{2626A562-FC57-4CB1-9E50-EDE083A5C558}.Release|Mixed Platforms.Build.0 = Release|Any CPU
		{2626A562-FC57-4CB1-9E50-EDE083A5C558}.Release|x86.ActiveCfg = Release|Any CPU
		{7BE31C02-8143-4B1B-856F-D30BD8A33A91}.Debug|Any CPU.ActiveCfg = Debug|Any CPU
		{7BE31C02-8143-4B1B-856F-D30BD8A33A91}.Debug|Any CPU.Build.0 = Debug|Any CPU
		{7BE31C02-8143-4B1B-856F-D30BD8A33A91}.Debug|Mixed Platforms.ActiveCfg = Debug|Any CPU
		{7BE31C02-8143-4B1B-856F-D30BD8A33A91}.Debug|Mixed Platforms.Build.0 = Debug|Any CPU
		{7BE31C02-8143-4B1B-856F-D30BD8A33A91}.Debug|x86.ActiveCfg = Debug|Any CPU
		{7BE31C02-8143-4B1B-856F-D30BD8A33A91}.Release|Any CPU.ActiveCfg = Release|Any CPU
		{7BE31C02-8143-4B1B-856F-D30BD8A33A91}.Release|Any CPU.Build.0 = Release|Any CPU
		{7BE31C02-8143-4B1B-856F-D30BD8A33A91}.Release|Mixed Platforms.ActiveCfg = Release|Any CPU
		{7BE31C02-8143-4B1B-856F-D30BD8A33A91}.Release|Mixed Platforms.Build.0 = Release|Any CPU
		{7BE31C02-8143-4B1B-856F-D30BD8A33A91}.Release|x86.ActiveCfg = Release|Any CPU
		{29AD577D-92EE-463D-A543-F48600448181}.Debug|Any CPU.ActiveCfg = Debug|Any CPU
		{29AD577D-92EE-463D-A543-F48600448181}.Debug|Any CPU.Build.0 = Debug|Any CPU
		{29AD577D-92EE-463D-A543-F48600448181}.Debug|Mixed Platforms.ActiveCfg = Debug|Any CPU
		{29AD577D-92EE-463D-A543-F48600448181}.Debug|Mixed Platforms.Build.0 = Debug|Any CPU
		{29AD577D-92EE-463D-A543-F48600448181}.Debug|x86.ActiveCfg = Debug|Any CPU
		{29AD577D-92EE-463D-A543-F48600448181}.Release|Any CPU.ActiveCfg = Release|Any CPU
		{29AD577D-92EE-463D-A543-F48600448181}.Release|Any CPU.Build.0 = Release|Any CPU
		{29AD577D-92EE-463D-A543-F48600448181}.Release|Mixed Platforms.ActiveCfg = Release|Any CPU
		{29AD577D-92EE-463D-A543-F48600448181}.Release|Mixed Platforms.Build.0 = Release|Any CPU
		{29AD577D-92EE-463D-A543-F48600448181}.Release|x86.ActiveCfg = Release|Any CPU
		{1393FE8B-B9B3-43D3-A08A-200B40C885BA}.Debug|Any CPU.ActiveCfg = Debug|Any CPU
		{1393FE8B-B9B3-43D3-A08A-200B40C885BA}.Debug|Any CPU.Build.0 = Debug|Any CPU
		{1393FE8B-B9B3-43D3-A08A-200B40C885BA}.Debug|Mixed Platforms.ActiveCfg = Debug|Any CPU
		{1393FE8B-B9B3-43D3-A08A-200B40C885BA}.Debug|Mixed Platforms.Build.0 = Debug|Any CPU
		{1393FE8B-B9B3-43D3-A08A-200B40C885BA}.Debug|x86.ActiveCfg = Debug|Any CPU
		{1393FE8B-B9B3-43D3-A08A-200B40C885BA}.Release|Any CPU.ActiveCfg = Release|Any CPU
		{1393FE8B-B9B3-43D3-A08A-200B40C885BA}.Release|Any CPU.Build.0 = Release|Any CPU
		{1393FE8B-B9B3-43D3-A08A-200B40C885BA}.Release|Mixed Platforms.ActiveCfg = Release|Any CPU
		{1393FE8B-B9B3-43D3-A08A-200B40C885BA}.Release|Mixed Platforms.Build.0 = Release|Any CPU
		{1393FE8B-B9B3-43D3-A08A-200B40C885BA}.Release|x86.ActiveCfg = Release|Any CPU
		{E45D9F70-C0B0-4D70-B6F5-1B87444486D3}.Debug|Any CPU.ActiveCfg = Debug|Any CPU
		{E45D9F70-C0B0-4D70-B6F5-1B87444486D3}.Debug|Any CPU.Build.0 = Debug|Any CPU
		{E45D9F70-C0B0-4D70-B6F5-1B87444486D3}.Debug|Mixed Platforms.ActiveCfg = Debug|Any CPU
		{E45D9F70-C0B0-4D70-B6F5-1B87444486D3}.Debug|Mixed Platforms.Build.0 = Debug|Any CPU
		{E45D9F70-C0B0-4D70-B6F5-1B87444486D3}.Debug|x86.ActiveCfg = Debug|Any CPU
		{E45D9F70-C0B0-4D70-B6F5-1B87444486D3}.Release|Any CPU.ActiveCfg = Release|Any CPU
		{E45D9F70-C0B0-4D70-B6F5-1B87444486D3}.Release|Any CPU.Build.0 = Release|Any CPU
		{E45D9F70-C0B0-4D70-B6F5-1B87444486D3}.Release|Mixed Platforms.ActiveCfg = Release|Any CPU
		{E45D9F70-C0B0-4D70-B6F5-1B87444486D3}.Release|Mixed Platforms.Build.0 = Release|Any CPU
		{E45D9F70-C0B0-4D70-B6F5-1B87444486D3}.Release|x86.ActiveCfg = Release|Any CPU
		{4778D736-C930-4791-AF88-9A1304A7363B}.Debug|Any CPU.ActiveCfg = Debug|Any CPU
		{4778D736-C930-4791-AF88-9A1304A7363B}.Debug|Any CPU.Build.0 = Debug|Any CPU
		{4778D736-C930-4791-AF88-9A1304A7363B}.Debug|Mixed Platforms.ActiveCfg = Debug|Any CPU
		{4778D736-C930-4791-AF88-9A1304A7363B}.Debug|x86.ActiveCfg = Debug|Any CPU
		{4778D736-C930-4791-AF88-9A1304A7363B}.Release|Any CPU.ActiveCfg = Release|Any CPU
		{4778D736-C930-4791-AF88-9A1304A7363B}.Release|Any CPU.Build.0 = Release|Any CPU
		{4778D736-C930-4791-AF88-9A1304A7363B}.Release|Mixed Platforms.ActiveCfg = Release|Any CPU
		{4778D736-C930-4791-AF88-9A1304A7363B}.Release|x86.ActiveCfg = Release|Any CPU
		{5577FAA3-4B26-4FED-BF3D-05EC1B7CFBE0}.Debug|Any CPU.ActiveCfg = Debug|Any CPU
		{5577FAA3-4B26-4FED-BF3D-05EC1B7CFBE0}.Debug|Any CPU.Build.0 = Debug|Any CPU
		{5577FAA3-4B26-4FED-BF3D-05EC1B7CFBE0}.Debug|Mixed Platforms.ActiveCfg = Debug|Any CPU
		{5577FAA3-4B26-4FED-BF3D-05EC1B7CFBE0}.Debug|Mixed Platforms.Build.0 = Debug|Any CPU
		{5577FAA3-4B26-4FED-BF3D-05EC1B7CFBE0}.Debug|x86.ActiveCfg = Debug|Any CPU
		{5577FAA3-4B26-4FED-BF3D-05EC1B7CFBE0}.Release|Any CPU.ActiveCfg = Release|Any CPU
		{5577FAA3-4B26-4FED-BF3D-05EC1B7CFBE0}.Release|Any CPU.Build.0 = Release|Any CPU
		{5577FAA3-4B26-4FED-BF3D-05EC1B7CFBE0}.Release|Mixed Platforms.ActiveCfg = Release|Any CPU
		{5577FAA3-4B26-4FED-BF3D-05EC1B7CFBE0}.Release|Mixed Platforms.Build.0 = Release|Any CPU
		{5577FAA3-4B26-4FED-BF3D-05EC1B7CFBE0}.Release|x86.ActiveCfg = Release|Any CPU
		{AD1DDF75-109B-4F60-9057-D9C30A3E9065}.Debug|Any CPU.ActiveCfg = Debug|Any CPU
		{AD1DDF75-109B-4F60-9057-D9C30A3E9065}.Debug|Any CPU.Build.0 = Debug|Any CPU
		{AD1DDF75-109B-4F60-9057-D9C30A3E9065}.Debug|Mixed Platforms.ActiveCfg = Debug|Any CPU
		{AD1DDF75-109B-4F60-9057-D9C30A3E9065}.Debug|Mixed Platforms.Build.0 = Debug|Any CPU
		{AD1DDF75-109B-4F60-9057-D9C30A3E9065}.Debug|x86.ActiveCfg = Debug|Any CPU
		{AD1DDF75-109B-4F60-9057-D9C30A3E9065}.Release|Any CPU.ActiveCfg = Release|Any CPU
		{AD1DDF75-109B-4F60-9057-D9C30A3E9065}.Release|Any CPU.Build.0 = Release|Any CPU
		{AD1DDF75-109B-4F60-9057-D9C30A3E9065}.Release|Mixed Platforms.ActiveCfg = Release|Any CPU
		{AD1DDF75-109B-4F60-9057-D9C30A3E9065}.Release|Mixed Platforms.Build.0 = Release|Any CPU
		{AD1DDF75-109B-4F60-9057-D9C30A3E9065}.Release|x86.ActiveCfg = Release|Any CPU
		{EA02A4A2-E733-4746-A626-6AB6036AF48F}.Debug|Any CPU.ActiveCfg = Debug|Any CPU
		{EA02A4A2-E733-4746-A626-6AB6036AF48F}.Debug|Any CPU.Build.0 = Debug|Any CPU
		{EA02A4A2-E733-4746-A626-6AB6036AF48F}.Debug|Mixed Platforms.ActiveCfg = Debug|Any CPU
		{EA02A4A2-E733-4746-A626-6AB6036AF48F}.Debug|Mixed Platforms.Build.0 = Debug|Any CPU
		{EA02A4A2-E733-4746-A626-6AB6036AF48F}.Debug|x86.ActiveCfg = Debug|Any CPU
		{EA02A4A2-E733-4746-A626-6AB6036AF48F}.Release|Any CPU.ActiveCfg = Release|Any CPU
		{EA02A4A2-E733-4746-A626-6AB6036AF48F}.Release|Any CPU.Build.0 = Release|Any CPU
		{EA02A4A2-E733-4746-A626-6AB6036AF48F}.Release|Mixed Platforms.ActiveCfg = Release|Any CPU
		{EA02A4A2-E733-4746-A626-6AB6036AF48F}.Release|Mixed Platforms.Build.0 = Release|Any CPU
		{EA02A4A2-E733-4746-A626-6AB6036AF48F}.Release|x86.ActiveCfg = Release|Any CPU
		{52D91AB8-FBB2-49EB-A7A1-133453057602}.Debug|Any CPU.ActiveCfg = Debug|Any CPU
		{52D91AB8-FBB2-49EB-A7A1-133453057602}.Debug|Any CPU.Build.0 = Debug|Any CPU
		{52D91AB8-FBB2-49EB-A7A1-133453057602}.Debug|Mixed Platforms.ActiveCfg = Debug|Any CPU
		{52D91AB8-FBB2-49EB-A7A1-133453057602}.Debug|Mixed Platforms.Build.0 = Debug|Any CPU
		{52D91AB8-FBB2-49EB-A7A1-133453057602}.Debug|x86.ActiveCfg = Debug|Any CPU
		{52D91AB8-FBB2-49EB-A7A1-133453057602}.Release|Any CPU.ActiveCfg = Release|Any CPU
		{52D91AB8-FBB2-49EB-A7A1-133453057602}.Release|Any CPU.Build.0 = Release|Any CPU
		{52D91AB8-FBB2-49EB-A7A1-133453057602}.Release|Mixed Platforms.ActiveCfg = Release|Any CPU
		{52D91AB8-FBB2-49EB-A7A1-133453057602}.Release|Mixed Platforms.Build.0 = Release|Any CPU
		{52D91AB8-FBB2-49EB-A7A1-133453057602}.Release|x86.ActiveCfg = Release|Any CPU
		{20DC80AD-A01E-4AC7-B635-357ECF64E419}.Debug|Any CPU.ActiveCfg = Debug|Any CPU
		{20DC80AD-A01E-4AC7-B635-357ECF64E419}.Debug|Any CPU.Build.0 = Debug|Any CPU
		{20DC80AD-A01E-4AC7-B635-357ECF64E419}.Debug|Mixed Platforms.ActiveCfg = Debug|Any CPU
		{20DC80AD-A01E-4AC7-B635-357ECF64E419}.Debug|Mixed Platforms.Build.0 = Debug|Any CPU
		{20DC80AD-A01E-4AC7-B635-357ECF64E419}.Debug|x86.ActiveCfg = Debug|Any CPU
		{20DC80AD-A01E-4AC7-B635-357ECF64E419}.Release|Any CPU.ActiveCfg = Release|Any CPU
		{20DC80AD-A01E-4AC7-B635-357ECF64E419}.Release|Any CPU.Build.0 = Release|Any CPU
		{20DC80AD-A01E-4AC7-B635-357ECF64E419}.Release|Mixed Platforms.ActiveCfg = Release|Any CPU
		{20DC80AD-A01E-4AC7-B635-357ECF64E419}.Release|Mixed Platforms.Build.0 = Release|Any CPU
		{20DC80AD-A01E-4AC7-B635-357ECF64E419}.Release|x86.ActiveCfg = Release|Any CPU
		{1BEA20B8-346D-49DB-9B71-D204C27AD8DD}.Debug|Any CPU.ActiveCfg = Debug|Any CPU
		{1BEA20B8-346D-49DB-9B71-D204C27AD8DD}.Debug|Any CPU.Build.0 = Debug|Any CPU
		{1BEA20B8-346D-49DB-9B71-D204C27AD8DD}.Debug|Mixed Platforms.ActiveCfg = Debug|Any CPU
		{1BEA20B8-346D-49DB-9B71-D204C27AD8DD}.Debug|Mixed Platforms.Build.0 = Debug|Any CPU
		{1BEA20B8-346D-49DB-9B71-D204C27AD8DD}.Debug|x86.ActiveCfg = Debug|Any CPU
		{1BEA20B8-346D-49DB-9B71-D204C27AD8DD}.Release|Any CPU.ActiveCfg = Release|Any CPU
		{1BEA20B8-346D-49DB-9B71-D204C27AD8DD}.Release|Any CPU.Build.0 = Release|Any CPU
		{1BEA20B8-346D-49DB-9B71-D204C27AD8DD}.Release|Mixed Platforms.ActiveCfg = Release|Any CPU
		{1BEA20B8-346D-49DB-9B71-D204C27AD8DD}.Release|Mixed Platforms.Build.0 = Release|Any CPU
		{1BEA20B8-346D-49DB-9B71-D204C27AD8DD}.Release|x86.ActiveCfg = Release|Any CPU
		{D7E0F54B-610D-450C-99EB-4BF6E9EB6DC3}.Debug|Any CPU.ActiveCfg = Debug|Any CPU
		{D7E0F54B-610D-450C-99EB-4BF6E9EB6DC3}.Debug|Any CPU.Build.0 = Debug|Any CPU
		{D7E0F54B-610D-450C-99EB-4BF6E9EB6DC3}.Debug|Mixed Platforms.ActiveCfg = Debug|Any CPU
		{D7E0F54B-610D-450C-99EB-4BF6E9EB6DC3}.Debug|Mixed Platforms.Build.0 = Debug|Any CPU
		{D7E0F54B-610D-450C-99EB-4BF6E9EB6DC3}.Debug|x86.ActiveCfg = Debug|Any CPU
		{D7E0F54B-610D-450C-99EB-4BF6E9EB6DC3}.Release|Any CPU.ActiveCfg = Release|Any CPU
		{D7E0F54B-610D-450C-99EB-4BF6E9EB6DC3}.Release|Any CPU.Build.0 = Release|Any CPU
		{D7E0F54B-610D-450C-99EB-4BF6E9EB6DC3}.Release|Mixed Platforms.ActiveCfg = Release|Any CPU
		{D7E0F54B-610D-450C-99EB-4BF6E9EB6DC3}.Release|Mixed Platforms.Build.0 = Release|Any CPU
		{D7E0F54B-610D-450C-99EB-4BF6E9EB6DC3}.Release|x86.ActiveCfg = Release|Any CPU
		{9445B689-F39F-448F-89C5-B6DD7CE8B88E}.Debug|Any CPU.ActiveCfg = Debug|Any CPU
		{9445B689-F39F-448F-89C5-B6DD7CE8B88E}.Debug|Any CPU.Build.0 = Debug|Any CPU
		{9445B689-F39F-448F-89C5-B6DD7CE8B88E}.Debug|Mixed Platforms.ActiveCfg = Debug|Any CPU
		{9445B689-F39F-448F-89C5-B6DD7CE8B88E}.Debug|Mixed Platforms.Build.0 = Debug|Any CPU
		{9445B689-F39F-448F-89C5-B6DD7CE8B88E}.Debug|x86.ActiveCfg = Debug|x86
		{9445B689-F39F-448F-89C5-B6DD7CE8B88E}.Debug|x86.Build.0 = Debug|x86
		{9445B689-F39F-448F-89C5-B6DD7CE8B88E}.Release|Any CPU.ActiveCfg = Release|Any CPU
		{9445B689-F39F-448F-89C5-B6DD7CE8B88E}.Release|Any CPU.Build.0 = Release|Any CPU
		{9445B689-F39F-448F-89C5-B6DD7CE8B88E}.Release|Mixed Platforms.ActiveCfg = Release|Any CPU
		{9445B689-F39F-448F-89C5-B6DD7CE8B88E}.Release|Mixed Platforms.Build.0 = Release|Any CPU
		{9445B689-F39F-448F-89C5-B6DD7CE8B88E}.Release|x86.ActiveCfg = Release|x86
		{9445B689-F39F-448F-89C5-B6DD7CE8B88E}.Release|x86.Build.0 = Release|x86
		{479B17FC-61D0-4420-9988-E959170D200F}.Debug|Any CPU.ActiveCfg = Debug|Any CPU
		{479B17FC-61D0-4420-9988-E959170D200F}.Debug|Any CPU.Build.0 = Debug|Any CPU
		{479B17FC-61D0-4420-9988-E959170D200F}.Debug|Mixed Platforms.ActiveCfg = Debug|Any CPU
		{479B17FC-61D0-4420-9988-E959170D200F}.Debug|Mixed Platforms.Build.0 = Debug|Any CPU
		{479B17FC-61D0-4420-9988-E959170D200F}.Debug|x86.ActiveCfg = Debug|x86
		{479B17FC-61D0-4420-9988-E959170D200F}.Debug|x86.Build.0 = Debug|x86
		{479B17FC-61D0-4420-9988-E959170D200F}.Release|Any CPU.ActiveCfg = Release|Any CPU
		{479B17FC-61D0-4420-9988-E959170D200F}.Release|Any CPU.Build.0 = Release|Any CPU
		{479B17FC-61D0-4420-9988-E959170D200F}.Release|Mixed Platforms.ActiveCfg = Release|Any CPU
		{479B17FC-61D0-4420-9988-E959170D200F}.Release|Mixed Platforms.Build.0 = Release|Any CPU
		{479B17FC-61D0-4420-9988-E959170D200F}.Release|x86.ActiveCfg = Release|x86
		{479B17FC-61D0-4420-9988-E959170D200F}.Release|x86.Build.0 = Release|x86
		{CE1E414F-9246-423F-BE98-36FA43F7B204}.Debug|Any CPU.ActiveCfg = Debug|Any CPU
		{CE1E414F-9246-423F-BE98-36FA43F7B204}.Debug|Any CPU.Build.0 = Debug|Any CPU
		{CE1E414F-9246-423F-BE98-36FA43F7B204}.Debug|Mixed Platforms.ActiveCfg = Debug|Any CPU
		{CE1E414F-9246-423F-BE98-36FA43F7B204}.Debug|Mixed Platforms.Build.0 = Debug|Any CPU
		{CE1E414F-9246-423F-BE98-36FA43F7B204}.Debug|x86.ActiveCfg = Debug|x86
		{CE1E414F-9246-423F-BE98-36FA43F7B204}.Debug|x86.Build.0 = Debug|x86
		{CE1E414F-9246-423F-BE98-36FA43F7B204}.Release|Any CPU.ActiveCfg = Release|Any CPU
		{CE1E414F-9246-423F-BE98-36FA43F7B204}.Release|Any CPU.Build.0 = Release|Any CPU
		{CE1E414F-9246-423F-BE98-36FA43F7B204}.Release|Mixed Platforms.ActiveCfg = Release|Any CPU
		{CE1E414F-9246-423F-BE98-36FA43F7B204}.Release|Mixed Platforms.Build.0 = Release|Any CPU
		{CE1E414F-9246-423F-BE98-36FA43F7B204}.Release|x86.ActiveCfg = Release|x86
		{CE1E414F-9246-423F-BE98-36FA43F7B204}.Release|x86.Build.0 = Release|x86
		{C702EC3D-C90D-4B33-B92D-76EE62100264}.Debug|Any CPU.ActiveCfg = Debug|Any CPU
		{C702EC3D-C90D-4B33-B92D-76EE62100264}.Debug|Any CPU.Build.0 = Debug|Any CPU
		{C702EC3D-C90D-4B33-B92D-76EE62100264}.Debug|Mixed Platforms.ActiveCfg = Debug|Any CPU
		{C702EC3D-C90D-4B33-B92D-76EE62100264}.Debug|Mixed Platforms.Build.0 = Debug|Any CPU
		{C702EC3D-C90D-4B33-B92D-76EE62100264}.Debug|x86.ActiveCfg = Debug|x86
		{C702EC3D-C90D-4B33-B92D-76EE62100264}.Debug|x86.Build.0 = Debug|x86
		{C702EC3D-C90D-4B33-B92D-76EE62100264}.Release|Any CPU.ActiveCfg = Release|Any CPU
		{C702EC3D-C90D-4B33-B92D-76EE62100264}.Release|Any CPU.Build.0 = Release|Any CPU
		{C702EC3D-C90D-4B33-B92D-76EE62100264}.Release|Mixed Platforms.ActiveCfg = Release|Any CPU
		{C702EC3D-C90D-4B33-B92D-76EE62100264}.Release|Mixed Platforms.Build.0 = Release|Any CPU
		{C702EC3D-C90D-4B33-B92D-76EE62100264}.Release|x86.ActiveCfg = Release|x86
		{C702EC3D-C90D-4B33-B92D-76EE62100264}.Release|x86.Build.0 = Release|x86
		{BF23EDE5-6462-4B5B-9CF4-17D88CB5B442}.Debug|Any CPU.ActiveCfg = Debug|Any CPU
		{BF23EDE5-6462-4B5B-9CF4-17D88CB5B442}.Debug|Any CPU.Build.0 = Debug|Any CPU
		{BF23EDE5-6462-4B5B-9CF4-17D88CB5B442}.Debug|Mixed Platforms.ActiveCfg = Debug|Any CPU
		{BF23EDE5-6462-4B5B-9CF4-17D88CB5B442}.Debug|Mixed Platforms.Build.0 = Debug|Any CPU
		{BF23EDE5-6462-4B5B-9CF4-17D88CB5B442}.Debug|x86.ActiveCfg = Debug|Any CPU
		{BF23EDE5-6462-4B5B-9CF4-17D88CB5B442}.Release|Any CPU.ActiveCfg = Release|Any CPU
		{BF23EDE5-6462-4B5B-9CF4-17D88CB5B442}.Release|Any CPU.Build.0 = Release|Any CPU
		{BF23EDE5-6462-4B5B-9CF4-17D88CB5B442}.Release|Mixed Platforms.ActiveCfg = Release|Any CPU
		{BF23EDE5-6462-4B5B-9CF4-17D88CB5B442}.Release|Mixed Platforms.Build.0 = Release|Any CPU
		{BF23EDE5-6462-4B5B-9CF4-17D88CB5B442}.Release|x86.ActiveCfg = Release|Any CPU
		{511AE8DC-8D1F-409C-A549-A0C7DBD52A37}.Debug|Any CPU.ActiveCfg = Debug|Any CPU
		{511AE8DC-8D1F-409C-A549-A0C7DBD52A37}.Debug|Any CPU.Build.0 = Debug|Any CPU
		{511AE8DC-8D1F-409C-A549-A0C7DBD52A37}.Debug|Mixed Platforms.ActiveCfg = Debug|Any CPU
		{511AE8DC-8D1F-409C-A549-A0C7DBD52A37}.Debug|Mixed Platforms.Build.0 = Debug|Any CPU
		{511AE8DC-8D1F-409C-A549-A0C7DBD52A37}.Debug|x86.ActiveCfg = Debug|x86
		{511AE8DC-8D1F-409C-A549-A0C7DBD52A37}.Debug|x86.Build.0 = Debug|x86
		{511AE8DC-8D1F-409C-A549-A0C7DBD52A37}.Release|Any CPU.ActiveCfg = Release|Any CPU
		{511AE8DC-8D1F-409C-A549-A0C7DBD52A37}.Release|Any CPU.Build.0 = Release|Any CPU
		{511AE8DC-8D1F-409C-A549-A0C7DBD52A37}.Release|Mixed Platforms.ActiveCfg = Release|Any CPU
		{511AE8DC-8D1F-409C-A549-A0C7DBD52A37}.Release|Mixed Platforms.Build.0 = Release|Any CPU
		{511AE8DC-8D1F-409C-A549-A0C7DBD52A37}.Release|x86.ActiveCfg = Release|x86
		{511AE8DC-8D1F-409C-A549-A0C7DBD52A37}.Release|x86.Build.0 = Release|x86
		{5CC23222-585C-43B2-A2BA-69331597ED16}.Debug|Any CPU.ActiveCfg = Debug|Any CPU
		{5CC23222-585C-43B2-A2BA-69331597ED16}.Debug|Any CPU.Build.0 = Debug|Any CPU
		{5CC23222-585C-43B2-A2BA-69331597ED16}.Debug|Mixed Platforms.ActiveCfg = Debug|Any CPU
		{5CC23222-585C-43B2-A2BA-69331597ED16}.Debug|Mixed Platforms.Build.0 = Debug|Any CPU
		{5CC23222-585C-43B2-A2BA-69331597ED16}.Debug|x86.ActiveCfg = Debug|Any CPU
		{5CC23222-585C-43B2-A2BA-69331597ED16}.Release|Any CPU.ActiveCfg = Release|Any CPU
		{5CC23222-585C-43B2-A2BA-69331597ED16}.Release|Any CPU.Build.0 = Release|Any CPU
		{5CC23222-585C-43B2-A2BA-69331597ED16}.Release|Mixed Platforms.ActiveCfg = Release|Any CPU
		{5CC23222-585C-43B2-A2BA-69331597ED16}.Release|Mixed Platforms.Build.0 = Release|Any CPU
		{5CC23222-585C-43B2-A2BA-69331597ED16}.Release|x86.ActiveCfg = Release|Any CPU
		{B0D37171-7698-4903-BFBB-3B8DEC2DEFB7}.Debug|Any CPU.ActiveCfg = Debug|Any CPU
		{B0D37171-7698-4903-BFBB-3B8DEC2DEFB7}.Debug|Any CPU.Build.0 = Debug|Any CPU
		{B0D37171-7698-4903-BFBB-3B8DEC2DEFB7}.Debug|Mixed Platforms.ActiveCfg = Debug|Any CPU
		{B0D37171-7698-4903-BFBB-3B8DEC2DEFB7}.Debug|Mixed Platforms.Build.0 = Debug|Any CPU
		{B0D37171-7698-4903-BFBB-3B8DEC2DEFB7}.Debug|x86.ActiveCfg = Debug|Any CPU
		{B0D37171-7698-4903-BFBB-3B8DEC2DEFB7}.Release|Any CPU.ActiveCfg = Release|Any CPU
		{B0D37171-7698-4903-BFBB-3B8DEC2DEFB7}.Release|Any CPU.Build.0 = Release|Any CPU
		{B0D37171-7698-4903-BFBB-3B8DEC2DEFB7}.Release|Mixed Platforms.ActiveCfg = Release|Any CPU
		{B0D37171-7698-4903-BFBB-3B8DEC2DEFB7}.Release|Mixed Platforms.Build.0 = Release|Any CPU
		{B0D37171-7698-4903-BFBB-3B8DEC2DEFB7}.Release|x86.ActiveCfg = Release|Any CPU
		{15F57D90-25B2-481A-83D9-309B5079FF6F}.Debug|Any CPU.ActiveCfg = Debug|Any CPU
		{15F57D90-25B2-481A-83D9-309B5079FF6F}.Debug|Any CPU.Build.0 = Debug|Any CPU
		{15F57D90-25B2-481A-83D9-309B5079FF6F}.Debug|Mixed Platforms.ActiveCfg = Debug|Any CPU
		{15F57D90-25B2-481A-83D9-309B5079FF6F}.Debug|Mixed Platforms.Build.0 = Debug|Any CPU
		{15F57D90-25B2-481A-83D9-309B5079FF6F}.Debug|x86.ActiveCfg = Debug|Any CPU
		{15F57D90-25B2-481A-83D9-309B5079FF6F}.Release|Any CPU.ActiveCfg = Release|Any CPU
		{15F57D90-25B2-481A-83D9-309B5079FF6F}.Release|Any CPU.Build.0 = Release|Any CPU
		{15F57D90-25B2-481A-83D9-309B5079FF6F}.Release|Mixed Platforms.ActiveCfg = Release|Any CPU
		{15F57D90-25B2-481A-83D9-309B5079FF6F}.Release|Mixed Platforms.Build.0 = Release|Any CPU
		{15F57D90-25B2-481A-83D9-309B5079FF6F}.Release|x86.ActiveCfg = Release|Any CPU
		{95DBD01F-A696-440F-BD4A-3670E1B8F948}.Debug|Any CPU.ActiveCfg = Debug|Any CPU
		{95DBD01F-A696-440F-BD4A-3670E1B8F948}.Debug|Any CPU.Build.0 = Debug|Any CPU
		{95DBD01F-A696-440F-BD4A-3670E1B8F948}.Debug|Mixed Platforms.ActiveCfg = Debug|Any CPU
		{95DBD01F-A696-440F-BD4A-3670E1B8F948}.Debug|Mixed Platforms.Build.0 = Debug|Any CPU
		{95DBD01F-A696-440F-BD4A-3670E1B8F948}.Debug|x86.ActiveCfg = Debug|Any CPU
		{95DBD01F-A696-440F-BD4A-3670E1B8F948}.Release|Any CPU.ActiveCfg = Release|Any CPU
		{95DBD01F-A696-440F-BD4A-3670E1B8F948}.Release|Any CPU.Build.0 = Release|Any CPU
		{95DBD01F-A696-440F-BD4A-3670E1B8F948}.Release|Mixed Platforms.ActiveCfg = Release|Any CPU
		{95DBD01F-A696-440F-BD4A-3670E1B8F948}.Release|Mixed Platforms.Build.0 = Release|Any CPU
		{95DBD01F-A696-440F-BD4A-3670E1B8F948}.Release|x86.ActiveCfg = Release|Any CPU
	EndGlobalSection
	GlobalSection(SolutionProperties) = preSolution
		HideSolutionNode = FALSE
	EndGlobalSection
EndGlobal
